// !$*UTF8*$!
{
	archiveVersion = 1;
	classes = {
	};
	objectVersion = 56;
	objects = {

/* Begin PBXBuildFile section */
		3FAFD70029CCDFBB002D9563 /* AppDelegate.swift in Sources */ = {isa = PBXBuildFile; fileRef = 3FAFD6FF29CCDFBB002D9563 /* AppDelegate.swift */; };
		3FAFD70229CCDFBB002D9563 /* SceneDelegate.swift in Sources */ = {isa = PBXBuildFile; fileRef = 3FAFD70129CCDFBB002D9563 /* SceneDelegate.swift */; };
		3FAFD70429CCDFBB002D9563 /* ViewController.swift in Sources */ = {isa = PBXBuildFile; fileRef = 3FAFD70329CCDFBB002D9563 /* ViewController.swift */; };
		3FAFD70729CCDFBB002D9563 /* Main.storyboard in Resources */ = {isa = PBXBuildFile; fileRef = 3FAFD70529CCDFBB002D9563 /* Main.storyboard */; };
		3FAFD70A29CCDFBB002D9563 /* Exercicio2TextField.xcdatamodeld in Sources */ = {isa = PBXBuildFile; fileRef = 3FAFD70829CCDFBB002D9563 /* Exercicio2TextField.xcdatamodeld */; };
		3FAFD70C29CCDFBD002D9563 /* Assets.xcassets in Resources */ = {isa = PBXBuildFile; fileRef = 3FAFD70B29CCDFBD002D9563 /* Assets.xcassets */; };
		3FAFD70F29CCDFBD002D9563 /* LaunchScreen.storyboard in Resources */ = {isa = PBXBuildFile; fileRef = 3FAFD70D29CCDFBD002D9563 /* LaunchScreen.storyboard */; };
/* End PBXBuildFile section */

/* Begin PBXFileReference section */
		3FAFD6FC29CCDFBB002D9563 /* Exercicio2TextField.app */ = {isa = PBXFileReference; explicitFileType = wrapper.application; includeInIndex = 0; path = Exercicio2TextField.app; sourceTree = BUILT_PRODUCTS_DIR; };
		3FAFD6FF29CCDFBB002D9563 /* AppDelegate.swift */ = {isa = PBXFileReference; lastKnownFileType = sourcecode.swift; path = AppDelegate.swift; sourceTree = "<group>"; };
		3FAFD70129CCDFBB002D9563 /* SceneDelegate.swift */ = {isa = PBXFileReference; lastKnownFileType = sourcecode.swift; path = SceneDelegate.swift; sourceTree = "<group>"; };
		3FAFD70329CCDFBB002D9563 /* ViewController.swift */ = {isa = PBXFileReference; lastKnownFileType = sourcecode.swift; path = ViewController.swift; sourceTree = "<group>"; };
		3FAFD70629CCDFBB002D9563 /* Base */ = {isa = PBXFileReference; lastKnownFileType = file.storyboard; name = Base; path = Base.lproj/Main.storyboard; sourceTree = "<group>"; };
		3FAFD70929CCDFBB002D9563 /* Exercicio2TextField.xcdatamodel */ = {isa = PBXFileReference; lastKnownFileType = wrapper.xcdatamodel; path = Exercicio2TextField.xcdatamodel; sourceTree = "<group>"; };
		3FAFD70B29CCDFBD002D9563 /* Assets.xcassets */ = {isa = PBXFileReference; lastKnownFileType = folder.assetcatalog; path = Assets.xcassets; sourceTree = "<group>"; };
		3FAFD70E29CCDFBD002D9563 /* Base */ = {isa = PBXFileReference; lastKnownFileType = file.storyboard; name = Base; path = Base.lproj/LaunchScreen.storyboard; sourceTree = "<group>"; };
		3FAFD71029CCDFBD002D9563 /* Info.plist */ = {isa = PBXFileReference; lastKnownFileType = text.plist.xml; path = Info.plist; sourceTree = "<group>"; };
/* End PBXFileReference section */

/* Begin PBXFrameworksBuildPhase section */
		3FAFD6F929CCDFBB002D9563 /* Frameworks */ = {
			isa = PBXFrameworksBuildPhase;
			buildActionMask = 2147483647;
			files = (
			);
			runOnlyForDeploymentPostprocessing = 0;
		};
/* End PBXFrameworksBuildPhase section */

/* Begin PBXGroup section */
		3FAFD6F329CCDFBB002D9563 = {
			isa = PBXGroup;
			children = (
				3FAFD6FE29CCDFBB002D9563 /* Exercicio2TextField */,
				3FAFD6FD29CCDFBB002D9563 /* Products */,
			);
			sourceTree = "<group>";
		};
		3FAFD6FD29CCDFBB002D9563 /* Products */ = {
			isa = PBXGroup;
			children = (
				3FAFD6FC29CCDFBB002D9563 /* Exercicio2TextField.app */,
			);
			name = Products;
			sourceTree = "<group>";
		};
		3FAFD6FE29CCDFBB002D9563 /* Exercicio2TextField */ = {
			isa = PBXGroup;
			children = (
				3FAFD6FF29CCDFBB002D9563 /* AppDelegate.swift */,
				3FAFD70129CCDFBB002D9563 /* SceneDelegate.swift */,
				3FAFD70329CCDFBB002D9563 /* ViewController.swift */,
				3FAFD70529CCDFBB002D9563 /* Main.storyboard */,
				3FAFD70B29CCDFBD002D9563 /* Assets.xcassets */,
				3FAFD70D29CCDFBD002D9563 /* LaunchScreen.storyboard */,
				3FAFD71029CCDFBD002D9563 /* Info.plist */,
				3FAFD70829CCDFBB002D9563 /* Exercicio2TextField.xcdatamodeld */,
			);
			path = Exercicio2TextField;
			sourceTree = "<group>";
		};
/* End PBXGroup section */

/* Begin PBXNativeTarget section */
		3FAFD6FB29CCDFBB002D9563 /* Exercicio2TextField */ = {
			isa = PBXNativeTarget;
			buildConfigurationList = 3FAFD71329CCDFBD002D9563 /* Build configuration list for PBXNativeTarget "Exercicio2TextField" */;
			buildPhases = (
				3FAFD6F829CCDFBB002D9563 /* Sources */,
				3FAFD6F929CCDFBB002D9563 /* Frameworks */,
				3FAFD6FA29CCDFBB002D9563 /* Resources */,
			);
			buildRules = (
			);
			dependencies = (
			);
			name = Exercicio2TextField;
			productName = Exercicio2TextField;
			productReference = 3FAFD6FC29CCDFBB002D9563 /* Exercicio2TextField.app */;
			productType = "com.apple.product-type.application";
		};
/* End PBXNativeTarget section */

/* Begin PBXProject section */
		3FAFD6F429CCDFBB002D9563 /* Project object */ = {
			isa = PBXProject;
			attributes = {
				BuildIndependentTargetsInParallel = 1;
				LastSwiftUpdateCheck = 1420;
				LastUpgradeCheck = 1420;
				TargetAttributes = {
					3FAFD6FB29CCDFBB002D9563 = {
						CreatedOnToolsVersion = 14.2;
					};
				};
			};
			buildConfigurationList = 3FAFD6F729CCDFBB002D9563 /* Build configuration list for PBXProject "Exercicio2TextField" */;
			compatibilityVersion = "Xcode 14.0";
			developmentRegion = en;
			hasScannedForEncodings = 0;
			knownRegions = (
				en,
				Base,
			);
			mainGroup = 3FAFD6F329CCDFBB002D9563;
			productRefGroup = 3FAFD6FD29CCDFBB002D9563 /* Products */;
			projectDirPath = "";
			projectRoot = "";
			targets = (
				3FAFD6FB29CCDFBB002D9563 /* Exercicio2TextField */,
			);
		};
/* End PBXProject section */

/* Begin PBXResourcesBuildPhase section */
		3FAFD6FA29CCDFBB002D9563 /* Resources */ = {
			isa = PBXResourcesBuildPhase;
			buildActionMask = 2147483647;
			files = (
				3FAFD70F29CCDFBD002D9563 /* LaunchScreen.storyboard in Resources */,
				3FAFD70C29CCDFBD002D9563 /* Assets.xcassets in Resources */,
				3FAFD70729CCDFBB002D9563 /* Main.storyboard in Resources */,
			);
			runOnlyForDeploymentPostprocessing = 0;
		};
/* End PBXResourcesBuildPhase section */

/* Begin PBXSourcesBuildPhase section */
		3FAFD6F829CCDFBB002D9563 /* Sources */ = {
			isa = PBXSourcesBuildPhase;
			buildActionMask = 2147483647;
			files = (
				3FAFD70A29CCDFBB002D9563 /* Exercicio2TextField.xcdatamodeld in Sources */,
				3FAFD70429CCDFBB002D9563 /* ViewController.swift in Sources */,
				3FAFD70029CCDFBB002D9563 /* AppDelegate.swift in Sources */,
				3FAFD70229CCDFBB002D9563 /* SceneDelegate.swift in Sources */,
			);
			runOnlyForDeploymentPostprocessing = 0;
		};
/* End PBXSourcesBuildPhase section */

/* Begin PBXVariantGroup section */
		3FAFD70529CCDFBB002D9563 /* Main.storyboard */ = {
			isa = PBXVariantGroup;
			children = (
				3FAFD70629CCDFBB002D9563 /* Base */,
			);
			name = Main.storyboard;
			sourceTree = "<group>";
		};
		3FAFD70D29CCDFBD002D9563 /* LaunchScreen.storyboard */ = {
			isa = PBXVariantGroup;
			children = (
				3FAFD70E29CCDFBD002D9563 /* Base */,
			);
			name = LaunchScreen.storyboard;
			sourceTree = "<group>";
		};
/* End PBXVariantGroup section */

/* Begin XCBuildConfiguration section */
		3FAFD71129CCDFBD002D9563 /* Debug */ = {
			isa = XCBuildConfiguration;
			buildSettings = {
				ALWAYS_SEARCH_USER_PATHS = NO;
				CLANG_ANALYZER_NONNULL = YES;
				CLANG_ANALYZER_NUMBER_OBJECT_CONVERSION = YES_AGGRESSIVE;
				CLANG_CXX_LANGUAGE_STANDARD = "gnu++20";
				CLANG_ENABLE_MODULES = YES;
				CLANG_ENABLE_OBJC_ARC = YES;
				CLANG_ENABLE_OBJC_WEAK = YES;
				CLANG_WARN_BLOCK_CAPTURE_AUTORELEASING = YES;
				CLANG_WARN_BOOL_CONVERSION = YES;
				CLANG_WARN_COMMA = YES;
				CLANG_WARN_CONSTANT_CONVERSION = YES;
				CLANG_WARN_DEPRECATED_OBJC_IMPLEMENTATIONS = YES;
				CLANG_WARN_DIRECT_OBJC_ISA_USAGE = YES_ERROR;
				CLANG_WARN_DOCUMENTATION_COMMENTS = YES;
				CLANG_WARN_EMPTY_BODY = YES;
				CLANG_WARN_ENUM_CONVERSION = YES;
				CLANG_WARN_INFINITE_RECURSION = YES;
				CLANG_WARN_INT_CONVERSION = YES;
				CLANG_WARN_NON_LITERAL_NULL_CONVERSION = YES;
				CLANG_WARN_OBJC_IMPLICIT_RETAIN_SELF = YES;
				CLANG_WARN_OBJC_LITERAL_CONVERSION = YES;
				CLANG_WARN_OBJC_ROOT_CLASS = YES_ERROR;
				CLANG_WARN_QUOTED_INCLUDE_IN_FRAMEWORK_HEADER = YES;
				CLANG_WARN_RANGE_LOOP_ANALYSIS = YES;
				CLANG_WARN_STRICT_PROTOTYPES = YES;
				CLANG_WARN_SUSPICIOUS_MOVE = YES;
				CLANG_WARN_UNGUARDED_AVAILABILITY = YES_AGGRESSIVE;
				CLANG_WARN_UNREACHABLE_CODE = YES;
				CLANG_WARN__DUPLICATE_METHOD_MATCH = YES;
				COPY_PHASE_STRIP = NO;
				DEBUG_INFORMATION_FORMAT = dwarf;
				ENABLE_STRICT_OBJC_MSGSEND = YES;
				ENABLE_TESTABILITY = YES;
				GCC_C_LANGUAGE_STANDARD = gnu11;
				GCC_DYNAMIC_NO_PIC = NO;
				GCC_NO_COMMON_BLOCKS = YES;
				GCC_OPTIMIZATION_LEVEL = 0;
				GCC_PREPROCESSOR_DEFINITIONS = (
					"DEBUG=1",
					"$(inherited)",
				);
				GCC_WARN_64_TO_32_BIT_CONVERSION = YES;
				GCC_WARN_ABOUT_RETURN_TYPE = YES_ERROR;
				GCC_WARN_UNDECLARED_SELECTOR = YES;
				GCC_WARN_UNINITIALIZED_AUTOS = YES_AGGRESSIVE;
				GCC_WARN_UNUSED_FUNCTION = YES;
				GCC_WARN_UNUSED_VARIABLE = YES;
				IPHONEOS_DEPLOYMENT_TARGET = 16.2;
				MTL_ENABLE_DEBUG_INFO = INCLUDE_SOURCE;
				MTL_FAST_MATH = YES;
				ONLY_ACTIVE_ARCH = YES;
				SDKROOT = iphoneos;
				SWIFT_ACTIVE_COMPILATION_CONDITIONS = DEBUG;
				SWIFT_OPTIMIZATION_LEVEL = "-Onone";
			};
			name = Debug;
		};
		3FAFD71229CCDFBD002D9563 /* Release */ = {
			isa = XCBuildConfiguration;
			buildSettings = {
				ALWAYS_SEARCH_USER_PATHS = NO;
				CLANG_ANALYZER_NONNULL = YES;
				CLANG_ANALYZER_NUMBER_OBJECT_CONVERSION = YES_AGGRESSIVE;
				CLANG_CXX_LANGUAGE_STANDARD = "gnu++20";
				CLANG_ENABLE_MODULES = YES;
				CLANG_ENABLE_OBJC_ARC = YES;
				CLANG_ENABLE_OBJC_WEAK = YES;
				CLANG_WARN_BLOCK_CAPTURE_AUTORELEASING = YES;
				CLANG_WARN_BOOL_CONVERSION = YES;
				CLANG_WARN_COMMA = YES;
				CLANG_WARN_CONSTANT_CONVERSION = YES;
				CLANG_WARN_DEPRECATED_OBJC_IMPLEMENTATIONS = YES;
				CLANG_WARN_DIRECT_OBJC_ISA_USAGE = YES_ERROR;
				CLANG_WARN_DOCUMENTATION_COMMENTS = YES;
				CLANG_WARN_EMPTY_BODY = YES;
				CLANG_WARN_ENUM_CONVERSION = YES;
				CLANG_WARN_INFINITE_RECURSION = YES;
				CLANG_WARN_INT_CONVERSION = YES;
				CLANG_WARN_NON_LITERAL_NULL_CONVERSION = YES;
				CLANG_WARN_OBJC_IMPLICIT_RETAIN_SELF = YES;
				CLANG_WARN_OBJC_LITERAL_CONVERSION = YES;
				CLANG_WARN_OBJC_ROOT_CLASS = YES_ERROR;
				CLANG_WARN_QUOTED_INCLUDE_IN_FRAMEWORK_HEADER = YES;
				CLANG_WARN_RANGE_LOOP_ANALYSIS = YES;
				CLANG_WARN_STRICT_PROTOTYPES = YES;
				CLANG_WARN_SUSPICIOUS_MOVE = YES;
				CLANG_WARN_UNGUARDED_AVAILABILITY = YES_AGGRESSIVE;
				CLANG_WARN_UNREACHABLE_CODE = YES;
				CLANG_WARN__DUPLICATE_METHOD_MATCH = YES;
				COPY_PHASE_STRIP = NO;
				DEBUG_INFORMATION_FORMAT = "dwarf-with-dsym";
				ENABLE_NS_ASSERTIONS = NO;
				ENABLE_STRICT_OBJC_MSGSEND = YES;
				GCC_C_LANGUAGE_STANDARD = gnu11;
				GCC_NO_COMMON_BLOCKS = YES;
				GCC_WARN_64_TO_32_BIT_CONVERSION = YES;
				GCC_WARN_ABOUT_RETURN_TYPE = YES_ERROR;
				GCC_WARN_UNDECLARED_SELECTOR = YES;
				GCC_WARN_UNINITIALIZED_AUTOS = YES_AGGRESSIVE;
				GCC_WARN_UNUSED_FUNCTION = YES;
				GCC_WARN_UNUSED_VARIABLE = YES;
				IPHONEOS_DEPLOYMENT_TARGET = 16.2;
				MTL_ENABLE_DEBUG_INFO = NO;
				MTL_FAST_MATH = YES;
				SDKROOT = iphoneos;
				SWIFT_COMPILATION_MODE = wholemodule;
				SWIFT_OPTIMIZATION_LEVEL = "-O";
				VALIDATE_PRODUCT = YES;
			};
			name = Release;
		};
		3FAFD71429CCDFBD002D9563 /* Debug */ = {
			isa = XCBuildConfiguration;
			buildSettings = {
				ASSETCATALOG_COMPILER_APPICON_NAME = AppIcon;
				ASSETCATALOG_COMPILER_GLOBAL_ACCENT_COLOR_NAME = AccentColor;
				CODE_SIGN_STYLE = Automatic;
				CURRENT_PROJECT_VERSION = 1;
				GENERATE_INFOPLIST_FILE = YES;
				INFOPLIST_FILE = Exercicio2TextField/Info.plist;
				INFOPLIST_KEY_UIApplicationSupportsIndirectInputEvents = YES;
				INFOPLIST_KEY_UILaunchStoryboardName = LaunchScreen;
				INFOPLIST_KEY_UIMainStoryboardFile = Main;
				INFOPLIST_KEY_UISupportedInterfaceOrientations_iPad = "UIInterfaceOrientationPortrait UIInterfaceOrientationPortraitUpsideDown UIInterfaceOrientationLandscapeLeft UIInterfaceOrientationLandscapeRight";
				INFOPLIST_KEY_UISupportedInterfaceOrientations_iPhone = "UIInterfaceOrientationPortrait UIInterfaceOrientationLandscapeLeft UIInterfaceOrientationLandscapeRight";
				LD_RUNPATH_SEARCH_PATHS = (
					"$(inherited)",
					"@executable_path/Frameworks",
				);
				MARKETING_VERSION = 1.0;
				PRODUCT_BUNDLE_IDENTIFIER = BrunoMoura.Exercicio2TextField;
				PRODUCT_NAME = "$(TARGET_NAME)";
				SWIFT_EMIT_LOC_STRINGS = YES;
				SWIFT_VERSION = 5.0;
				TARGETED_DEVICE_FAMILY = "1,2";
			};
			name = Debug;
		};
		3FAFD71529CCDFBD002D9563 /* Release */ = {
			isa = XCBuildConfiguration;
			buildSettings = {
				ASSETCATALOG_COMPILER_APPICON_NAME = AppIcon;
				ASSETCATALOG_COMPILER_GLOBAL_ACCENT_COLOR_NAME = AccentColor;
				CODE_SIGN_STYLE = Automatic;
				CURRENT_PROJECT_VERSION = 1;
				GENERATE_INFOPLIST_FILE = YES;
				INFOPLIST_FILE = Exercicio2TextField/Info.plist;
				INFOPLIST_KEY_UIApplicationSupportsIndirectInputEvents = YES;
				INFOPLIST_KEY_UILaunchStoryboardName = LaunchScreen;
				INFOPLIST_KEY_UIMainStoryboardFile = Main;
				INFOPLIST_KEY_UISupportedInterfaceOrientations_iPad = "UIInterfaceOrientationPortrait UIInterfaceOrientationPortraitUpsideDown UIInterfaceOrientationLandscapeLeft UIInterfaceOrientationLandscapeRight";
				INFOPLIST_KEY_UISupportedInterfaceOrientations_iPhone = "UIInterfaceOrientationPortrait UIInterfaceOrientationLandscapeLeft UIInterfaceOrientationLandscapeRight";
				LD_RUNPATH_SEARCH_PATHS = (
					"$(inherited)",
					"@executable_path/Frameworks",
				);
				MARKETING_VERSION = 1.0;
				PRODUCT_BUNDLE_IDENTIFIER = BrunoMoura.Exercicio2TextField;
				PRODUCT_NAME = "$(TARGET_NAME)";
				SWIFT_EMIT_LOC_STRINGS = YES;
				SWIFT_VERSION = 5.0;
				TARGETED_DEVICE_FAMILY = "1,2";
			};
			name = Release;
		};
/* End XCBuildConfiguration section */

/* Begin XCConfigurationList section */
		3FAFD6F729CCDFBB002D9563 /* Build configuration list for PBXProject "Exercicio2TextField" */ = {
			isa = XCConfigurationList;
			buildConfigurations = (
				3FAFD71129CCDFBD002D9563 /* Debug */,
				3FAFD71229CCDFBD002D9563 /* Release */,
			);
			defaultConfigurationIsVisible = 0;
			defaultConfigurationName = Release;
		};
		3FAFD71329CCDFBD002D9563 /* Build configuration list for PBXNativeTarget "Exercicio2TextField" */ = {
			isa = XCConfigurationList;
			buildConfigurations = (
				3FAFD71429CCDFBD002D9563 /* Debug */,
				3FAFD71529CCDFBD002D9563 /* Release */,
			);
			defaultConfigurationIsVisible = 0;
			defaultConfigurationName = Release;
		};
/* End XCConfigurationList section */

/* Begin XCVersionGroup section */
		3FAFD70829CCDFBB002D9563 /* Exercicio2TextField.xcdatamodeld */ = {
			isa = XCVersionGroup;
			children = (
				3FAFD70929CCDFBB002D9563 /* Exercicio2TextField.xcdatamodel */,
			);
			currentVersion = 3FAFD70929CCDFBB002D9563 /* Exercicio2TextField.xcdatamodel */;
			path = Exercicio2TextField.xcdatamodeld;
			sourceTree = "<group>";
			versionGroupType = wrapper.xcdatamodel;
		};
/* End XCVersionGroup section */
	};
	rootObject = 3FAFD6F429CCDFBB002D9563 /* Project object */;
}
