// !$*UTF8*$!
{
	archiveVersion = 1;
	classes = {
	};
	objectVersion = 56;
	objects = {

/* Begin PBXBuildFile section */
		3F2BC8EC29F89AC300A81039 /* AppDelegate.swift in Sources */ = {isa = PBXBuildFile; fileRef = 3F2BC8EB29F89AC300A81039 /* AppDelegate.swift */; };
		3F2BC8EE29F89AC300A81039 /* SceneDelegate.swift in Sources */ = {isa = PBXBuildFile; fileRef = 3F2BC8ED29F89AC300A81039 /* SceneDelegate.swift */; };
		3F2BC8F029F89AC300A81039 /* Tela01ViewController.swift in Sources */ = {isa = PBXBuildFile; fileRef = 3F2BC8EF29F89AC300A81039 /* Tela01ViewController.swift */; };
		3F2BC8F329F89AC300A81039 /* Main.storyboard in Resources */ = {isa = PBXBuildFile; fileRef = 3F2BC8F129F89AC300A81039 /* Main.storyboard */; };
		3F2BC8F529F89AC400A81039 /* Assets.xcassets in Resources */ = {isa = PBXBuildFile; fileRef = 3F2BC8F429F89AC400A81039 /* Assets.xcassets */; };
		3F2BC8F829F89AC400A81039 /* LaunchScreen.storyboard in Resources */ = {isa = PBXBuildFile; fileRef = 3F2BC8F629F89AC400A81039 /* LaunchScreen.storyboard */; };
		3F2BC90229F8A00100A81039 /* Tela02ViewController.swift in Sources */ = {isa = PBXBuildFile; fileRef = 3F2BC90129F8A00100A81039 /* Tela02ViewController.swift */; };
		3F2BC90429F8A01A00A81039 /* Tela03ViewController.swift in Sources */ = {isa = PBXBuildFile; fileRef = 3F2BC90329F8A01A00A81039 /* Tela03ViewController.swift */; };
		3F2BC90629F8AC2200A81039 /* TabBarController.swift in Sources */ = {isa = PBXBuildFile; fileRef = 3F2BC90529F8AC2200A81039 /* TabBarController.swift */; };
/* End PBXBuildFile section */

/* Begin PBXFileReference section */
		3F2BC8E829F89AC300A81039 /* PrimeiroProjetoTabBar.app */ = {isa = PBXFileReference; explicitFileType = wrapper.application; includeInIndex = 0; path = PrimeiroProjetoTabBar.app; sourceTree = BUILT_PRODUCTS_DIR; };
		3F2BC8EB29F89AC300A81039 /* AppDelegate.swift */ = {isa = PBXFileReference; lastKnownFileType = sourcecode.swift; path = AppDelegate.swift; sourceTree = "<group>"; };
		3F2BC8ED29F89AC300A81039 /* SceneDelegate.swift */ = {isa = PBXFileReference; lastKnownFileType = sourcecode.swift; path = SceneDelegate.swift; sourceTree = "<group>"; };
		3F2BC8EF29F89AC300A81039 /* Tela01ViewController.swift */ = {isa = PBXFileReference; lastKnownFileType = sourcecode.swift; path = Tela01ViewController.swift; sourceTree = "<group>"; };
		3F2BC8F229F89AC300A81039 /* Base */ = {isa = PBXFileReference; lastKnownFileType = file.storyboard; name = Base; path = Base.lproj/Main.storyboard; sourceTree = "<group>"; };
		3F2BC8F429F89AC400A81039 /* Assets.xcassets */ = {isa = PBXFileReference; lastKnownFileType = folder.assetcatalog; path = Assets.xcassets; sourceTree = "<group>"; };
		3F2BC8F729F89AC400A81039 /* Base */ = {isa = PBXFileReference; lastKnownFileType = file.storyboard; name = Base; path = Base.lproj/LaunchScreen.storyboard; sourceTree = "<group>"; };
		3F2BC8F929F89AC400A81039 /* Info.plist */ = {isa = PBXFileReference; lastKnownFileType = text.plist.xml; path = Info.plist; sourceTree = "<group>"; };
		3F2BC90129F8A00100A81039 /* Tela02ViewController.swift */ = {isa = PBXFileReference; lastKnownFileType = sourcecode.swift; path = Tela02ViewController.swift; sourceTree = "<group>"; };
		3F2BC90329F8A01A00A81039 /* Tela03ViewController.swift */ = {isa = PBXFileReference; lastKnownFileType = sourcecode.swift; path = Tela03ViewController.swift; sourceTree = "<group>"; };
		3F2BC90529F8AC2200A81039 /* TabBarController.swift */ = {isa = PBXFileReference; lastKnownFileType = sourcecode.swift; path = TabBarController.swift; sourceTree = "<group>"; };
/* End PBXFileReference section */

/* Begin PBXFrameworksBuildPhase section */
		3F2BC8E529F89AC300A81039 /* Frameworks */ = {
			isa = PBXFrameworksBuildPhase;
			buildActionMask = 2147483647;
			files = (
			);
			runOnlyForDeploymentPostprocessing = 0;
		};
/* End PBXFrameworksBuildPhase section */

/* Begin PBXGroup section */
		3F2BC8DF29F89AC300A81039 = {
			isa = PBXGroup;
			children = (
				3F2BC8EA29F89AC300A81039 /* PrimeiroProjetoTabBar */,
				3F2BC8E929F89AC300A81039 /* Products */,
			);
			sourceTree = "<group>";
		};
		3F2BC8E929F89AC300A81039 /* Products */ = {
			isa = PBXGroup;
			children = (
				3F2BC8E829F89AC300A81039 /* PrimeiroProjetoTabBar.app */,
			);
			name = Products;
			sourceTree = "<group>";
		};
		3F2BC8EA29F89AC300A81039 /* PrimeiroProjetoTabBar */ = {
			isa = PBXGroup;
			children = (
				3F2BC8EB29F89AC300A81039 /* AppDelegate.swift */,
				3F2BC8ED29F89AC300A81039 /* SceneDelegate.swift */,
				3F2BC8EF29F89AC300A81039 /* Tela01ViewController.swift */,
				3F2BC90129F8A00100A81039 /* Tela02ViewController.swift */,
				3F2BC90329F8A01A00A81039 /* Tela03ViewController.swift */,
				3F2BC90529F8AC2200A81039 /* TabBarController.swift */,
				3F2BC8F129F89AC300A81039 /* Main.storyboard */,
				3F2BC8F429F89AC400A81039 /* Assets.xcassets */,
				3F2BC8F629F89AC400A81039 /* LaunchScreen.storyboard */,
				3F2BC8F929F89AC400A81039 /* Info.plist */,
			);
			path = PrimeiroProjetoTabBar;
			sourceTree = "<group>";
		};
/* End PBXGroup section */

/* Begin PBXNativeTarget section */
		3F2BC8E729F89AC300A81039 /* PrimeiroProjetoTabBar */ = {
			isa = PBXNativeTarget;
			buildConfigurationList = 3F2BC8FC29F89AC400A81039 /* Build configuration list for PBXNativeTarget "PrimeiroProjetoTabBar" */;
			buildPhases = (
				3F2BC8E429F89AC300A81039 /* Sources */,
				3F2BC8E529F89AC300A81039 /* Frameworks */,
				3F2BC8E629F89AC300A81039 /* Resources */,
			);
			buildRules = (
			);
			dependencies = (
			);
			name = PrimeiroProjetoTabBar;
			productName = PrimeiroProjetoTabBar;
			productReference = 3F2BC8E829F89AC300A81039 /* PrimeiroProjetoTabBar.app */;
			productType = "com.apple.product-type.application";
		};
/* End PBXNativeTarget section */

/* Begin PBXProject section */
		3F2BC8E029F89AC300A81039 /* Project object */ = {
			isa = PBXProject;
			attributes = {
				BuildIndependentTargetsInParallel = 1;
				LastSwiftUpdateCheck = 1430;
				LastUpgradeCheck = 1430;
				TargetAttributes = {
					3F2BC8E729F89AC300A81039 = {
						CreatedOnToolsVersion = 14.3;
					};
				};
			};
			buildConfigurationList = 3F2BC8E329F89AC300A81039 /* Build configuration list for PBXProject "PrimeiroProjetoTabBar" */;
			compatibilityVersion = "Xcode 14.0";
			developmentRegion = en;
			hasScannedForEncodings = 0;
			knownRegions = (
				en,
				Base,
			);
			mainGroup = 3F2BC8DF29F89AC300A81039;
			productRefGroup = 3F2BC8E929F89AC300A81039 /* Products */;
			projectDirPath = "";
			projectRoot = "";
			targets = (
				3F2BC8E729F89AC300A81039 /* PrimeiroProjetoTabBar */,
			);
		};
/* End PBXProject section */

/* Begin PBXResourcesBuildPhase section */
		3F2BC8E629F89AC300A81039 /* Resources */ = {
			isa = PBXResourcesBuildPhase;
			buildActionMask = 2147483647;
			files = (
				3F2BC8F829F89AC400A81039 /* LaunchScreen.storyboard in Resources */,
				3F2BC8F529F89AC400A81039 /* Assets.xcassets in Resources */,
				3F2BC8F329F89AC300A81039 /* Main.storyboard in Resources */,
			);
			runOnlyForDeploymentPostprocessing = 0;
		};
/* End PBXResourcesBuildPhase section */

/* Begin PBXSourcesBuildPhase section */
		3F2BC8E429F89AC300A81039 /* Sources */ = {
			isa = PBXSourcesBuildPhase;
			buildActionMask = 2147483647;
			files = (
				3F2BC8F029F89AC300A81039 /* Tela01ViewController.swift in Sources */,
				3F2BC8EC29F89AC300A81039 /* AppDelegate.swift in Sources */,
				3F2BC8EE29F89AC300A81039 /* SceneDelegate.swift in Sources */,
				3F2BC90629F8AC2200A81039 /* TabBarController.swift in Sources */,
				3F2BC90429F8A01A00A81039 /* Tela03ViewController.swift in Sources */,
				3F2BC90229F8A00100A81039 /* Tela02ViewController.swift in Sources */,
			);
			runOnlyForDeploymentPostprocessing = 0;
		};
/* End PBXSourcesBuildPhase section */

/* Begin PBXVariantGroup section */
		3F2BC8F129F89AC300A81039 /* Main.storyboard */ = {
			isa = PBXVariantGroup;
			children = (
				3F2BC8F229F89AC300A81039 /* Base */,
			);
			name = Main.storyboard;
			sourceTree = "<group>";
		};
		3F2BC8F629F89AC400A81039 /* LaunchScreen.storyboard */ = {
			isa = PBXVariantGroup;
			children = (
				3F2BC8F729F89AC400A81039 /* Base */,
			);
			name = LaunchScreen.storyboard;
			sourceTree = "<group>";
		};
/* End PBXVariantGroup section */

/* Begin XCBuildConfiguration section */
		3F2BC8FA29F89AC400A81039 /* Debug */ = {
			isa = XCBuildConfiguration;
			buildSettings = {
				ALWAYS_SEARCH_USER_PATHS = NO;
				CLANG_ANALYZER_NONNULL = YES;
				CLANG_ANALYZER_NUMBER_OBJECT_CONVERSION = YES_AGGRESSIVE;
				CLANG_CXX_LANGUAGE_STANDARD = "gnu++20";
				CLANG_ENABLE_MODULES = YES;
				CLANG_ENABLE_OBJC_ARC = YES;
				CLANG_ENABLE_OBJC_WEAK = YES;
				CLANG_WARN_BLOCK_CAPTURE_AUTORELEASING = YES;
				CLANG_WARN_BOOL_CONVERSION = YES;
				CLANG_WARN_COMMA = YES;
				CLANG_WARN_CONSTANT_CONVERSION = YES;
				CLANG_WARN_DEPRECATED_OBJC_IMPLEMENTATIONS = YES;
				CLANG_WARN_DIRECT_OBJC_ISA_USAGE = YES_ERROR;
				CLANG_WARN_DOCUMENTATION_COMMENTS = YES;
				CLANG_WARN_EMPTY_BODY = YES;
				CLANG_WARN_ENUM_CONVERSION = YES;
				CLANG_WARN_INFINITE_RECURSION = YES;
				CLANG_WARN_INT_CONVERSION = YES;
				CLANG_WARN_NON_LITERAL_NULL_CONVERSION = YES;
				CLANG_WARN_OBJC_IMPLICIT_RETAIN_SELF = YES;
				CLANG_WARN_OBJC_LITERAL_CONVERSION = YES;
				CLANG_WARN_OBJC_ROOT_CLASS = YES_ERROR;
				CLANG_WARN_QUOTED_INCLUDE_IN_FRAMEWORK_HEADER = YES;
				CLANG_WARN_RANGE_LOOP_ANALYSIS = YES;
				CLANG_WARN_STRICT_PROTOTYPES = YES;
				CLANG_WARN_SUSPICIOUS_MOVE = YES;
				CLANG_WARN_UNGUARDED_AVAILABILITY = YES_AGGRESSIVE;
				CLANG_WARN_UNREACHABLE_CODE = YES;
				CLANG_WARN__DUPLICATE_METHOD_MATCH = YES;
				COPY_PHASE_STRIP = NO;
				DEBUG_INFORMATION_FORMAT = dwarf;
				ENABLE_STRICT_OBJC_MSGSEND = YES;
				ENABLE_TESTABILITY = YES;
				GCC_C_LANGUAGE_STANDARD = gnu11;
				GCC_DYNAMIC_NO_PIC = NO;
				GCC_NO_COMMON_BLOCKS = YES;
				GCC_OPTIMIZATION_LEVEL = 0;
				GCC_PREPROCESSOR_DEFINITIONS = (
					"DEBUG=1",
					"$(inherited)",
				);
				GCC_WARN_64_TO_32_BIT_CONVERSION = YES;
				GCC_WARN_ABOUT_RETURN_TYPE = YES_ERROR;
				GCC_WARN_UNDECLARED_SELECTOR = YES;
				GCC_WARN_UNINITIALIZED_AUTOS = YES_AGGRESSIVE;
				GCC_WARN_UNUSED_FUNCTION = YES;
				GCC_WARN_UNUSED_VARIABLE = YES;
				IPHONEOS_DEPLOYMENT_TARGET = 16.4;
				MTL_ENABLE_DEBUG_INFO = INCLUDE_SOURCE;
				MTL_FAST_MATH = YES;
				ONLY_ACTIVE_ARCH = YES;
				SDKROOT = iphoneos;
				SWIFT_ACTIVE_COMPILATION_CONDITIONS = DEBUG;
				SWIFT_OPTIMIZATION_LEVEL = "-Onone";
			};
			name = Debug;
		};
		3F2BC8FB29F89AC400A81039 /* Release */ = {
			isa = XCBuildConfiguration;
			buildSettings = {
				ALWAYS_SEARCH_USER_PATHS = NO;
				CLANG_ANALYZER_NONNULL = YES;
				CLANG_ANALYZER_NUMBER_OBJECT_CONVERSION = YES_AGGRESSIVE;
				CLANG_CXX_LANGUAGE_STANDARD = "gnu++20";
				CLANG_ENABLE_MODULES = YES;
				CLANG_ENABLE_OBJC_ARC = YES;
				CLANG_ENABLE_OBJC_WEAK = YES;
				CLANG_WARN_BLOCK_CAPTURE_AUTORELEASING = YES;
				CLANG_WARN_BOOL_CONVERSION = YES;
				CLANG_WARN_COMMA = YES;
				CLANG_WARN_CONSTANT_CONVERSION = YES;
				CLANG_WARN_DEPRECATED_OBJC_IMPLEMENTATIONS = YES;
				CLANG_WARN_DIRECT_OBJC_ISA_USAGE = YES_ERROR;
				CLANG_WARN_DOCUMENTATION_COMMENTS = YES;
				CLANG_WARN_EMPTY_BODY = YES;
				CLANG_WARN_ENUM_CONVERSION = YES;
				CLANG_WARN_INFINITE_RECURSION = YES;
				CLANG_WARN_INT_CONVERSION = YES;
				CLANG_WARN_NON_LITERAL_NULL_CONVERSION = YES;
				CLANG_WARN_OBJC_IMPLICIT_RETAIN_SELF = YES;
				CLANG_WARN_OBJC_LITERAL_CONVERSION = YES;
				CLANG_WARN_OBJC_ROOT_CLASS = YES_ERROR;
				CLANG_WARN_QUOTED_INCLUDE_IN_FRAMEWORK_HEADER = YES;
				CLANG_WARN_RANGE_LOOP_ANALYSIS = YES;
				CLANG_WARN_STRICT_PROTOTYPES = YES;
				CLANG_WARN_SUSPICIOUS_MOVE = YES;
				CLANG_WARN_UNGUARDED_AVAILABILITY = YES_AGGRESSIVE;
				CLANG_WARN_UNREACHABLE_CODE = YES;
				CLANG_WARN__DUPLICATE_METHOD_MATCH = YES;
				COPY_PHASE_STRIP = NO;
				DEBUG_INFORMATION_FORMAT = "dwarf-with-dsym";
				ENABLE_NS_ASSERTIONS = NO;
				ENABLE_STRICT_OBJC_MSGSEND = YES;
				GCC_C_LANGUAGE_STANDARD = gnu11;
				GCC_NO_COMMON_BLOCKS = YES;
				GCC_WARN_64_TO_32_BIT_CONVERSION = YES;
				GCC_WARN_ABOUT_RETURN_TYPE = YES_ERROR;
				GCC_WARN_UNDECLARED_SELECTOR = YES;
				GCC_WARN_UNINITIALIZED_AUTOS = YES_AGGRESSIVE;
				GCC_WARN_UNUSED_FUNCTION = YES;
				GCC_WARN_UNUSED_VARIABLE = YES;
				IPHONEOS_DEPLOYMENT_TARGET = 16.4;
				MTL_ENABLE_DEBUG_INFO = NO;
				MTL_FAST_MATH = YES;
				SDKROOT = iphoneos;
				SWIFT_COMPILATION_MODE = wholemodule;
				SWIFT_OPTIMIZATION_LEVEL = "-O";
				VALIDATE_PRODUCT = YES;
			};
			name = Release;
		};
		3F2BC8FD29F89AC400A81039 /* Debug */ = {
			isa = XCBuildConfiguration;
			buildSettings = {
				ASSETCATALOG_COMPILER_APPICON_NAME = AppIcon;
				ASSETCATALOG_COMPILER_GLOBAL_ACCENT_COLOR_NAME = AccentColor;
				CODE_SIGN_STYLE = Automatic;
				CURRENT_PROJECT_VERSION = 1;
				DEVELOPMENT_TEAM = 738B22MJV3;
				GENERATE_INFOPLIST_FILE = YES;
				INFOPLIST_FILE = PrimeiroProjetoTabBar/Info.plist;
				INFOPLIST_KEY_UIApplicationSupportsIndirectInputEvents = YES;
				INFOPLIST_KEY_UILaunchStoryboardName = LaunchScreen;
				INFOPLIST_KEY_UIMainStoryboardFile = Main;
				INFOPLIST_KEY_UISupportedInterfaceOrientations_iPad = "UIInterfaceOrientationPortrait UIInterfaceOrientationPortraitUpsideDown UIInterfaceOrientationLandscapeLeft UIInterfaceOrientationLandscapeRight";
				INFOPLIST_KEY_UISupportedInterfaceOrientations_iPhone = "UIInterfaceOrientationPortrait UIInterfaceOrientationLandscapeLeft UIInterfaceOrientationLandscapeRight";
				LD_RUNPATH_SEARCH_PATHS = (
					"$(inherited)",
					"@executable_path/Frameworks",
				);
				MARKETING_VERSION = 1.0;
				PRODUCT_BUNDLE_IDENTIFIER = BrunoMoura.PrimeiroProjetoTabBar;
				PRODUCT_NAME = "$(TARGET_NAME)";
				SWIFT_EMIT_LOC_STRINGS = YES;
				SWIFT_VERSION = 5.0;
				TARGETED_DEVICE_FAMILY = "1,2";
			};
			name = Debug;
		};
		3F2BC8FE29F89AC400A81039 /* Release */ = {
			isa = XCBuildConfiguration;
			buildSettings = {
				ASSETCATALOG_COMPILER_APPICON_NAME = AppIcon;
				ASSETCATALOG_COMPILER_GLOBAL_ACCENT_COLOR_NAME = AccentColor;
				CODE_SIGN_STYLE = Automatic;
				CURRENT_PROJECT_VERSION = 1;
				DEVELOPMENT_TEAM = 738B22MJV3;
				GENERATE_INFOPLIST_FILE = YES;
				INFOPLIST_FILE = PrimeiroProjetoTabBar/Info.plist;
				INFOPLIST_KEY_UIApplicationSupportsIndirectInputEvents = YES;
				INFOPLIST_KEY_UILaunchStoryboardName = LaunchScreen;
				INFOPLIST_KEY_UIMainStoryboardFile = Main;
				INFOPLIST_KEY_UISupportedInterfaceOrientations_iPad = "UIInterfaceOrientationPortrait UIInterfaceOrientationPortraitUpsideDown UIInterfaceOrientationLandscapeLeft UIInterfaceOrientationLandscapeRight";
				INFOPLIST_KEY_UISupportedInterfaceOrientations_iPhone = "UIInterfaceOrientationPortrait UIInterfaceOrientationLandscapeLeft UIInterfaceOrientationLandscapeRight";
				LD_RUNPATH_SEARCH_PATHS = (
					"$(inherited)",
					"@executable_path/Frameworks",
				);
				MARKETING_VERSION = 1.0;
				PRODUCT_BUNDLE_IDENTIFIER = BrunoMoura.PrimeiroProjetoTabBar;
				PRODUCT_NAME = "$(TARGET_NAME)";
				SWIFT_EMIT_LOC_STRINGS = YES;
				SWIFT_VERSION = 5.0;
				TARGETED_DEVICE_FAMILY = "1,2";
			};
			name = Release;
		};
/* End XCBuildConfiguration section */

/* Begin XCConfigurationList section */
		3F2BC8E329F89AC300A81039 /* Build configuration list for PBXProject "PrimeiroProjetoTabBar" */ = {
			isa = XCConfigurationList;
			buildConfigurations = (
				3F2BC8FA29F89AC400A81039 /* Debug */,
				3F2BC8FB29F89AC400A81039 /* Release */,
			);
			defaultConfigurationIsVisible = 0;
			defaultConfigurationName = Release;
		};
		3F2BC8FC29F89AC400A81039 /* Build configuration list for PBXNativeTarget "PrimeiroProjetoTabBar" */ = {
			isa = XCConfigurationList;
			buildConfigurations = (
				3F2BC8FD29F89AC400A81039 /* Debug */,
				3F2BC8FE29F89AC400A81039 /* Release */,
			);
			defaultConfigurationIsVisible = 0;
			defaultConfigurationName = Release;
		};
/* End XCConfigurationList section */
	};
	rootObject = 3F2BC8E029F89AC300A81039 /* Project object */;
}
